{
  "requires": true,
  "lockfileVersion": 1,
  "dependencies": {
    "sweetalert2": {
      "version": "11.3.6",
      "resolved": "https://registry.npmjs.org/sweetalert2/-/sweetalert2-11.3.6.tgz",
      "integrity": "sha512-0JBlA36T1e0fuihcyvg4FjoucCOYNmbYDLrEOenGMVg1Jw7UHaC7FmDFp1qf9UGbO89pjgDJrfkThYln8TrYEQ=="
    }
  }
}
